{
  "name": "idems_translation_common",
  "version": "1.0.0",
  "lockfileVersion": 1,
  "requires": true,
  "dependencies": {
    "pofile": {
      "version": "1.1.1",
      "resolved": "https://registry.npmjs.org/pofile/-/pofile-1.1.1.tgz",
      "integrity": "sha512-RVAzFGo1Mx9+YukVKSgTLut6r4ZVBW8IVrqGHAPfEsVJN93WSp5HRD6+qNa7av1q/joPKDNJd55m5AJl9GBQGA=="
    },
    "string-similarity": {
      "version": "4.0.4",
      "resolved": "https://registry.npmjs.org/string-similarity/-/string-similarity-4.0.4.tgz",
      "integrity": "sha512-/q/8Q4Bl4ZKAPjj8WerIBJWALKkaPRfrvhfF8k/B23i4nzrlRj2/go1m90In7nG/3XDSbOo0+pu6RvCTM9RGMQ=="
    }
  }
}
