{
  "requires": true,
  "lockfileVersion": 1,
  "dependencies": {
    "pofile": {
      "version": "1.1.4",
      "resolved": "https://registry.npmjs.org/pofile/-/pofile-1.1.4.tgz",
      "integrity": "sha512-r6Q21sKsY1AjTVVjOuU02VYKVNQGJNQHjTIvs4dEbeuuYfxgYk/DGD2mqqq4RDaVkwdSq0VEtmQUOPe/wH8X3g=="
    },
    "string-similarity": {
      "version": "4.0.4",
      "resolved": "https://registry.npmjs.org/string-similarity/-/string-similarity-4.0.4.tgz",
      "integrity": "sha512-/q/8Q4Bl4ZKAPjj8WerIBJWALKkaPRfrvhfF8k/B23i4nzrlRj2/go1m90In7nG/3XDSbOo0+pu6RvCTM9RGMQ=="
    }
  }
}
